
Microsoft Visual Studio Solution File, Format Version 12.00
# Visual Studio Version 17
VisualStudioVersion = 17.8.34511.84
MinimumVisualStudioVersion = 10.0.40219.1
Project("{2150E333-8FDC-42A3-9474-1A3956D46DE8}") = "Itens de Solução", "Itens de Solução", "{9A6FB7DD-3142-48D1-A7A3-F4B1F532EEFB}"
	ProjectSection(SolutionItems) = preProject
		.editorconfig = .editorconfig
		.gitattributes = .gitattributes
		.gitignore = .gitignore
		README.md = README.md
	EndProjectSection
EndProject
Project("{FAE04EC0-301F-11D3-BF4B-00C04F79EFBC}") = "NetWindowsFirewall", "src\NetWindowsFirewall\NetWindowsFirewall.csproj", "{7D7B521D-6057-4FFF-9331-1E774E738A86}"
EndProject
Project("{FAE04EC0-301F-11D3-BF4B-00C04F79EFBC}") = "NetWindowsFirewall.Sample", "samples\NetWindowsFirewall.Sample\NetWindowsFirewall.Sample.csproj", "{9C8CF6DF-F573-4BA0-B0A3-7531B9646479}"
EndProject
Global
	GlobalSection(SolutionConfigurationPlatforms) = preSolution
		Debug|Any CPU = Debug|Any CPU
		Release|Any CPU = Release|Any CPU
	EndGlobalSection
	GlobalSection(ProjectConfigurationPlatforms) = postSolution
		{7D7B521D-6057-4FFF-9331-1E774E738A86}.Debug|Any CPU.ActiveCfg = Debug|Any CPU
		{7D7B521D-6057-4FFF-9331-1E774E738A86}.Debug|Any CPU.Build.0 = Debug|Any CPU
		{7D7B521D-6057-4FFF-9331-1E774E738A86}.Release|Any CPU.ActiveCfg = Release|Any CPU
		{7D7B521D-6057-4FFF-9331-1E774E738A86}.Release|Any CPU.Build.0 = Release|Any CPU
		{9C8CF6DF-F573-4BA0-B0A3-7531B9646479}.Debug|Any CPU.ActiveCfg = Debug|Any CPU
		{9C8CF6DF-F573-4BA0-B0A3-7531B9646479}.Debug|Any CPU.Build.0 = Debug|Any CPU
		{9C8CF6DF-F573-4BA0-B0A3-7531B9646479}.Release|Any CPU.ActiveCfg = Release|Any CPU
		{9C8CF6DF-F573-4BA0-B0A3-7531B9646479}.Release|Any CPU.Build.0 = Release|Any CPU
	EndGlobalSection
	GlobalSection(SolutionProperties) = preSolution
		HideSolutionNode = FALSE
	EndGlobalSection
	GlobalSection(ExtensibilityGlobals) = postSolution
		SolutionGuid = {6CD96350-F45C-4BBB-A268-763518948292}
	EndGlobalSection
EndGlobal
